
Microsoft Visual Studio Solution File, Format Version 12.00
# Visual Studio Version 16
VisualStudioVersion = 16.0.31019.35
MinimumVisualStudioVersion = 10.0.40219.1
Project("{9A19103F-16F7-4668-BE54-9A1E7A4F7556}") = "Airelax", "Airelax\Airelax.csproj", "{2E17288C-030F-4087-B195-7807D25A7C08}"
EndProject
Project("{9A19103F-16F7-4668-BE54-9A1E7A4F7556}") = "Airelax.Domain", "Airelax.Domain\Airelax.Domain.csproj", "{3FE57614-FB0A-4681-AE2D-A0A24741010C}"
EndProject
Project("{9A19103F-16F7-4668-BE54-9A1E7A4F7556}") = "Airelax.Test", "Airelax.Test\Airelax.Test.csproj", "{9B747CDA-F05C-4342-B7D6-A13E835C913C}"
EndProject
Project("{9A19103F-16F7-4668-BE54-9A1E7A4F7556}") = "Airelax.Application", "Airelax.Application\Airelax.Application.csproj", "{C16AEC58-CFA3-4683-A389-37E29C163CBC}"
EndProject
Project("{FAE04EC0-301F-11D3-BF4B-00C04F79EFBC}") = "Airelax.EntityFramework", "Airelax.EntityFramework\Airelax.EntityFramework.csproj", "{3E624C89-65C1-4D0E-9692-6CBF7ED813B2}"
EndProject
Project("{FAE04EC0-301F-11D3-BF4B-00C04F79EFBC}") = "Airelax.Infrastructure", "Airelax.Infrastructure\Airelax.Infrastructure.csproj", "{A69547FD-30ED-46FC-BD69-4E68C4610BF7}"
EndProject
Global
	GlobalSection(SolutionConfigurationPlatforms) = preSolution
		Debug|Any CPU = Debug|Any CPU
		Release|Any CPU = Release|Any CPU
	EndGlobalSection
	GlobalSection(ProjectConfigurationPlatforms) = postSolution
		{2E17288C-030F-4087-B195-7807D25A7C08}.Debug|Any CPU.ActiveCfg = Debug|Any CPU
		{2E17288C-030F-4087-B195-7807D25A7C08}.Debug|Any CPU.Build.0 = Debug|Any CPU
		{2E17288C-030F-4087-B195-7807D25A7C08}.Release|Any CPU.ActiveCfg = Release|Any CPU
		{2E17288C-030F-4087-B195-7807D25A7C08}.Release|Any CPU.Build.0 = Release|Any CPU
		{3FE57614-FB0A-4681-AE2D-A0A24741010C}.Debug|Any CPU.ActiveCfg = Debug|Any CPU
		{3FE57614-FB0A-4681-AE2D-A0A24741010C}.Debug|Any CPU.Build.0 = Debug|Any CPU
		{3FE57614-FB0A-4681-AE2D-A0A24741010C}.Release|Any CPU.ActiveCfg = Release|Any CPU
		{3FE57614-FB0A-4681-AE2D-A0A24741010C}.Release|Any CPU.Build.0 = Release|Any CPU
		{9B747CDA-F05C-4342-B7D6-A13E835C913C}.Debug|Any CPU.ActiveCfg = Debug|Any CPU
		{9B747CDA-F05C-4342-B7D6-A13E835C913C}.Debug|Any CPU.Build.0 = Debug|Any CPU
		{9B747CDA-F05C-4342-B7D6-A13E835C913C}.Release|Any CPU.ActiveCfg = Release|Any CPU
		{9B747CDA-F05C-4342-B7D6-A13E835C913C}.Release|Any CPU.Build.0 = Release|Any CPU
		{C16AEC58-CFA3-4683-A389-37E29C163CBC}.Debug|Any CPU.ActiveCfg = Debug|Any CPU
		{C16AEC58-CFA3-4683-A389-37E29C163CBC}.Debug|Any CPU.Build.0 = Debug|Any CPU
		{C16AEC58-CFA3-4683-A389-37E29C163CBC}.Release|Any CPU.ActiveCfg = Release|Any CPU
		{C16AEC58-CFA3-4683-A389-37E29C163CBC}.Release|Any CPU.Build.0 = Release|Any CPU
		{3E624C89-65C1-4D0E-9692-6CBF7ED813B2}.Debug|Any CPU.ActiveCfg = Debug|Any CPU
		{3E624C89-65C1-4D0E-9692-6CBF7ED813B2}.Debug|Any CPU.Build.0 = Debug|Any CPU
		{3E624C89-65C1-4D0E-9692-6CBF7ED813B2}.Release|Any CPU.ActiveCfg = Release|Any CPU
		{3E624C89-65C1-4D0E-9692-6CBF7ED813B2}.Release|Any CPU.Build.0 = Release|Any CPU
		{A69547FD-30ED-46FC-BD69-4E68C4610BF7}.Debug|Any CPU.ActiveCfg = Debug|Any CPU
		{A69547FD-30ED-46FC-BD69-4E68C4610BF7}.Debug|Any CPU.Build.0 = Debug|Any CPU
		{A69547FD-30ED-46FC-BD69-4E68C4610BF7}.Release|Any CPU.ActiveCfg = Release|Any CPU
		{A69547FD-30ED-46FC-BD69-4E68C4610BF7}.Release|Any CPU.Build.0 = Release|Any CPU
	EndGlobalSection
	GlobalSection(SolutionProperties) = preSolution
		HideSolutionNode = FALSE
	EndGlobalSection
	GlobalSection(ExtensibilityGlobals) = postSolution
		SolutionGuid = {2B9DF3B2-4C01-4030-8E80-27150822D696}
	EndGlobalSection
EndGlobal
